
Microsoft Visual Studio Solution File, Format Version 12.00
# Visual Studio Version 17
VisualStudioVersion = 17.3.32929.385
MinimumVisualStudioVersion = 10.0.40219.1
Project("{FAE04EC0-301F-11D3-BF4B-00C04F79EFBC}") = "AllVersionsAndDeletesChangeFeedDemo", "AllVersionsAndDeletesChangeFeedDemo\AllVersionsAndDeletesChangeFeedDemo.csproj", "{3F88BE9E-4335-4068-A593-EBB9DAD3D983}"
EndProject
Global
	GlobalSection(SolutionConfigurationPlatforms) = preSolution
		Debug|Any CPU = Debug|Any CPU
		Release|Any CPU = Release|Any CPU
	EndGlobalSection
	GlobalSection(ProjectConfigurationPlatforms) = postSolution
		{3F88BE9E-4335-4068-A593-EBB9DAD3D983}.Debug|Any CPU.ActiveCfg = Debug|Any CPU
		{3F88BE9E-4335-4068-A593-EBB9DAD3D983}.Debug|Any CPU.Build.0 = Debug|Any CPU
		{3F88BE9E-4335-4068-A593-EBB9DAD3D983}.Release|Any CPU.ActiveCfg = Release|Any CPU
		{3F88BE9E-4335-4068-A593-EBB9DAD3D983}.Release|Any CPU.Build.0 = Release|Any CPU
	EndGlobalSection
	GlobalSection(SolutionProperties) = preSolution
		HideSolutionNode = FALSE
	EndGlobalSection
	GlobalSection(ExtensibilityGlobals) = postSolution
		SolutionGuid = {36EBAFA9-8987-42B5-891D-FF668DFD3BB6}
	EndGlobalSection
EndGlobal
